
Microsoft Visual Studio Solution File, Format Version 12.00
# Visual Studio 15
VisualStudioVersion = 15.0.26730.16
MinimumVisualStudioVersion = 10.0.40219.1
Project("{FAE04EC0-301F-11D3-BF4B-00C04F79EFBC}") = "DMSkin.WPF", "DMSkin.WPF\DMSkin.WPF.csproj", "{168352B1-6A0C-4C9C-8A32-68B512DA3CFC}"
EndProject
Project("{FAE04EC0-301F-11D3-BF4B-00C04F79EFBC}") = "DMSkin.WPF.Demos", "DMSkin.WPF.Demos\DMSkin.WPF.Demos.csproj", "{C758EC5E-4A44-4921-8C8A-2F0127BB9406}"
EndProject
Global
	GlobalSection(SolutionConfigurationPlatforms) = preSolution
		Debug|Any CPU = Debug|Any CPU
		Debug|x64 = Debug|x64
		Debug|x86 = Debug|x86
		Release|Any CPU = Release|Any CPU
		Release|x64 = Release|x64
		Release|x86 = Release|x86
	EndGlobalSection
	GlobalSection(ProjectConfigurationPlatforms) = postSolution
		{168352B1-6A0C-4C9C-8A32-68B512DA3CFC}.Debug|Any CPU.ActiveCfg = Debug|Any CPU
		{168352B1-6A0C-4C9C-8A32-68B512DA3CFC}.Debug|Any CPU.Build.0 = Debug|Any CPU
		{168352B1-6A0C-4C9C-8A32-68B512DA3CFC}.Debug|x64.ActiveCfg = Debug|Any CPU
		{168352B1-6A0C-4C9C-8A32-68B512DA3CFC}.Debug|x64.Build.0 = Debug|Any CPU
		{168352B1-6A0C-4C9C-8A32-68B512DA3CFC}.Debug|x86.ActiveCfg = Debug|Any CPU
		{168352B1-6A0C-4C9C-8A32-68B512DA3CFC}.Debug|x86.Build.0 = Debug|Any CPU
		{168352B1-6A0C-4C9C-8A32-68B512DA3CFC}.Release|Any CPU.ActiveCfg = Release|Any CPU
		{168352B1-6A0C-4C9C-8A32-68B512DA3CFC}.Release|Any CPU.Build.0 = Release|Any CPU
		{168352B1-6A0C-4C9C-8A32-68B512DA3CFC}.Release|x64.ActiveCfg = Release|Any CPU
		{168352B1-6A0C-4C9C-8A32-68B512DA3CFC}.Release|x64.Build.0 = Release|Any CPU
		{168352B1-6A0C-4C9C-8A32-68B512DA3CFC}.Release|x86.ActiveCfg = Release|Any CPU
		{168352B1-6A0C-4C9C-8A32-68B512DA3CFC}.Release|x86.Build.0 = Release|Any CPU
		{C758EC5E-4A44-4921-8C8A-2F0127BB9406}.Debug|Any CPU.ActiveCfg = Debug|Any CPU
		{C758EC5E-4A44-4921-8C8A-2F0127BB9406}.Debug|Any CPU.Build.0 = Debug|Any CPU
		{C758EC5E-4A44-4921-8C8A-2F0127BB9406}.Debug|x64.ActiveCfg = Debug|x64
		{C758EC5E-4A44-4921-8C8A-2F0127BB9406}.Debug|x64.Build.0 = Debug|x64
		{C758EC5E-4A44-4921-8C8A-2F0127BB9406}.Debug|x86.ActiveCfg = Debug|x86
		{C758EC5E-4A44-4921-8C8A-2F0127BB9406}.Debug|x86.Build.0 = Debug|x86
		{C758EC5E-4A44-4921-8C8A-2F0127BB9406}.Release|Any CPU.ActiveCfg = Release|Any CPU
		{C758EC5E-4A44-4921-8C8A-2F0127BB9406}.Release|Any CPU.Build.0 = Release|Any CPU
		{C758EC5E-4A44-4921-8C8A-2F0127BB9406}.Release|x64.ActiveCfg = Release|x64
		{C758EC5E-4A44-4921-8C8A-2F0127BB9406}.Release|x64.Build.0 = Release|x64
		{C758EC5E-4A44-4921-8C8A-2F0127BB9406}.Release|x86.ActiveCfg = Release|x86
		{C758EC5E-4A44-4921-8C8A-2F0127BB9406}.Release|x86.Build.0 = Release|x86
	EndGlobalSection
	GlobalSection(SolutionProperties) = preSolution
		HideSolutionNode = FALSE
	EndGlobalSection
	GlobalSection(ExtensibilityGlobals) = postSolution
		SolutionGuid = {22640183-2DB3-4056-9A56-83C062B01AD3}
	EndGlobalSection
EndGlobal
